// !$*UTF8*$!
{
	archiveVersion = 1;
	classes = {
	};
	objectVersion = 50;
	objects = {

/* Begin PBXBuildFile section */
		002C986F2534837400DA1AD9 /* AppDelegate.swift in Sources */ = {isa = PBXBuildFile; fileRef = 002C986E2534837400DA1AD9 /* AppDelegate.swift */; };
		002C98712534837400DA1AD9 /* SceneDelegate.swift in Sources */ = {isa = PBXBuildFile; fileRef = 002C98702534837400DA1AD9 /* SceneDelegate.swift */; };
		002C98762534837400DA1AD9 /* Main.storyboard in Resources */ = {isa = PBXBuildFile; fileRef = 002C98742534837400DA1AD9 /* Main.storyboard */; };
		002C98782534837500DA1AD9 /* Assets.xcassets in Resources */ = {isa = PBXBuildFile; fileRef = 002C98772534837500DA1AD9 /* Assets.xcassets */; };
		002C987B2534837500DA1AD9 /* LaunchScreen.storyboard in Resources */ = {isa = PBXBuildFile; fileRef = 002C98792534837500DA1AD9 /* LaunchScreen.storyboard */; };
		002C988625359F3800DA1AD9 /* SignInViewController.swift in Sources */ = {isa = PBXBuildFile; fileRef = 002C988525359F3800DA1AD9 /* SignInViewController.swift */; };
		002C98892535E35600DA1AD9 /* SignUpViewController.swift in Sources */ = {isa = PBXBuildFile; fileRef = 002C98882535E35600DA1AD9 /* SignUpViewController.swift */; };
		002C988C2535E39000DA1AD9 /* SignUpViewController.storyboard in Resources */ = {isa = PBXBuildFile; fileRef = 002C988B2535E39000DA1AD9 /* SignUpViewController.storyboard */; };
		002C98902535F0C300DA1AD9 /* String+ValidateUserInfo.swift in Sources */ = {isa = PBXBuildFile; fileRef = 002C988F2535F0C300DA1AD9 /* String+ValidateUserInfo.swift */; };
		002C98932536B2F300DA1AD9 /* BookSearchViewController.swift in Sources */ = {isa = PBXBuildFile; fileRef = 002C98922536B2F300DA1AD9 /* BookSearchViewController.swift */; };
		002C98962536B30500DA1AD9 /* BookSearchViewController.storyboard in Resources */ = {isa = PBXBuildFile; fileRef = 002C98952536B30500DA1AD9 /* BookSearchViewController.storyboard */; };
		002C98992536C4F400DA1AD9 /* SearchedBooksTableViewController.swift in Sources */ = {isa = PBXBuildFile; fileRef = 002C98982536C4F400DA1AD9 /* SearchedBooksTableViewController.swift */; };
		002C989C2536C50F00DA1AD9 /* SearchedBooksTableViewController.storyboard in Resources */ = {isa = PBXBuildFile; fileRef = 002C989B2536C50F00DA1AD9 /* SearchedBooksTableViewController.storyboard */; };
		002C98A02536CA6D00DA1AD9 /* SearchedBookTableViewCell.swift in Sources */ = {isa = PBXBuildFile; fileRef = 002C989E2536CA6D00DA1AD9 /* SearchedBookTableViewCell.swift */; };
		002C98A12536CA6D00DA1AD9 /* SearchedBookTableViewCell.xib in Resources */ = {isa = PBXBuildFile; fileRef = 002C989F2536CA6D00DA1AD9 /* SearchedBookTableViewCell.xib */; };
		002C98A42537FFFD00DA1AD9 /* MyBookListViewController.swift in Sources */ = {isa = PBXBuildFile; fileRef = 002C98A32537FFFD00DA1AD9 /* MyBookListViewController.swift */; };
		002C98A72538007B00DA1AD9 /* MyBookListViewController.storyboard in Resources */ = {isa = PBXBuildFile; fileRef = 002C98A62538007B00DA1AD9 /* MyBookListViewController.storyboard */; };
		002C98AB2538021A00DA1AD9 /* CurrentBorrowingTableViewCell.swift in Sources */ = {isa = PBXBuildFile; fileRef = 002C98A92538021A00DA1AD9 /* CurrentBorrowingTableViewCell.swift */; };
		002C98AC2538021A00DA1AD9 /* CurrentBorrowingTableViewCell.xib in Resources */ = {isa = PBXBuildFile; fileRef = 002C98AA2538021A00DA1AD9 /* CurrentBorrowingTableViewCell.xib */; };
		002C98B02538119A00DA1AD9 /* MyBookListViewController+UITableViewControl.swift in Sources */ = {isa = PBXBuildFile; fileRef = 002C98AF2538119A00DA1AD9 /* MyBookListViewController+UITableViewControl.swift */; };
		002C98B42538130F00DA1AD9 /* PreviousBorrowingTableViewCell.swift in Sources */ = {isa = PBXBuildFile; fileRef = 002C98B22538130F00DA1AD9 /* PreviousBorrowingTableViewCell.swift */; };
		002C98B52538130F00DA1AD9 /* PreviousBorrowingTableViewCell.xib in Resources */ = {isa = PBXBuildFile; fileRef = 002C98B32538130F00DA1AD9 /* PreviousBorrowingTableViewCell.xib */; };
		002C98B82538357F00DA1AD9 /* MenuTabBarController.swift in Sources */ = {isa = PBXBuildFile; fileRef = 002C98B72538357F00DA1AD9 /* MenuTabBarController.swift */; };
		002C98D7255006AA00DA1AD9 /* HTTPMethod.swift in Sources */ = {isa = PBXBuildFile; fileRef = 002C98D6255006AA00DA1AD9 /* HTTPMethod.swift */; };
		002C98DE2551249400DA1AD9 /* Token.swift in Sources */ = {isa = PBXBuildFile; fileRef = 002C98DD2551249400DA1AD9 /* Token.swift */; };
		002C98E52551282600DA1AD9 /* AuthManager.swift in Sources */ = {isa = PBXBuildFile; fileRef = 002C98E42551282600DA1AD9 /* AuthManager.swift */; };
		002C98E82551488600DA1AD9 /* APIRequest.swift in Sources */ = {isa = PBXBuildFile; fileRef = 002C98E72551488600DA1AD9 /* APIRequest.swift */; };
		002C98EC2551826300DA1AD9 /* TokenRequest.swift in Sources */ = {isa = PBXBuildFile; fileRef = 002C98EB2551826300DA1AD9 /* TokenRequest.swift */; };
		002C98F4255195CB00DA1AD9 /* ServerManager.swift in Sources */ = {isa = PBXBuildFile; fileRef = 002C98F3255195CB00DA1AD9 /* ServerManager.swift */; };
/* End PBXBuildFile section */

/* Begin PBXFileReference section */
		002C986B2534837400DA1AD9 /* Olib.app */ = {isa = PBXFileReference; explicitFileType = wrapper.application; includeInIndex = 0; path = Olib.app; sourceTree = BUILT_PRODUCTS_DIR; };
		002C986E2534837400DA1AD9 /* AppDelegate.swift */ = {isa = PBXFileReference; lastKnownFileType = sourcecode.swift; path = AppDelegate.swift; sourceTree = "<group>"; };
		002C98702534837400DA1AD9 /* SceneDelegate.swift */ = {isa = PBXFileReference; lastKnownFileType = sourcecode.swift; path = SceneDelegate.swift; sourceTree = "<group>"; };
		002C98752534837400DA1AD9 /* Base */ = {isa = PBXFileReference; lastKnownFileType = file.storyboard; name = Base; path = Base.lproj/Main.storyboard; sourceTree = "<group>"; };
		002C98772534837500DA1AD9 /* Assets.xcassets */ = {isa = PBXFileReference; lastKnownFileType = folder.assetcatalog; path = Assets.xcassets; sourceTree = "<group>"; };
		002C987A2534837500DA1AD9 /* Base */ = {isa = PBXFileReference; lastKnownFileType = file.storyboard; name = Base; path = Base.lproj/LaunchScreen.storyboard; sourceTree = "<group>"; };
		002C987C2534837500DA1AD9 /* Info.plist */ = {isa = PBXFileReference; lastKnownFileType = text.plist.xml; path = Info.plist; sourceTree = "<group>"; };
		002C988525359F3800DA1AD9 /* SignInViewController.swift */ = {isa = PBXFileReference; lastKnownFileType = sourcecode.swift; path = SignInViewController.swift; sourceTree = "<group>"; };
		002C98882535E35600DA1AD9 /* SignUpViewController.swift */ = {isa = PBXFileReference; lastKnownFileType = sourcecode.swift; path = SignUpViewController.swift; sourceTree = "<group>"; };
		002C988B2535E39000DA1AD9 /* SignUpViewController.storyboard */ = {isa = PBXFileReference; lastKnownFileType = file.storyboard; path = SignUpViewController.storyboard; sourceTree = "<group>"; };
		002C988F2535F0C300DA1AD9 /* String+ValidateUserInfo.swift */ = {isa = PBXFileReference; lastKnownFileType = sourcecode.swift; path = "String+ValidateUserInfo.swift"; sourceTree = "<group>"; };
		002C98922536B2F300DA1AD9 /* BookSearchViewController.swift */ = {isa = PBXFileReference; lastKnownFileType = sourcecode.swift; path = BookSearchViewController.swift; sourceTree = "<group>"; };
		002C98952536B30500DA1AD9 /* BookSearchViewController.storyboard */ = {isa = PBXFileReference; lastKnownFileType = file.storyboard; path = BookSearchViewController.storyboard; sourceTree = "<group>"; };
		002C98982536C4F400DA1AD9 /* SearchedBooksTableViewController.swift */ = {isa = PBXFileReference; lastKnownFileType = sourcecode.swift; path = SearchedBooksTableViewController.swift; sourceTree = "<group>"; };
		002C989B2536C50F00DA1AD9 /* SearchedBooksTableViewController.storyboard */ = {isa = PBXFileReference; lastKnownFileType = file.storyboard; path = SearchedBooksTableViewController.storyboard; sourceTree = "<group>"; };
		002C989E2536CA6D00DA1AD9 /* SearchedBookTableViewCell.swift */ = {isa = PBXFileReference; lastKnownFileType = sourcecode.swift; path = SearchedBookTableViewCell.swift; sourceTree = "<group>"; };
		002C989F2536CA6D00DA1AD9 /* SearchedBookTableViewCell.xib */ = {isa = PBXFileReference; lastKnownFileType = file.xib; path = SearchedBookTableViewCell.xib; sourceTree = "<group>"; };
		002C98A32537FFFD00DA1AD9 /* MyBookListViewController.swift */ = {isa = PBXFileReference; lastKnownFileType = sourcecode.swift; path = MyBookListViewController.swift; sourceTree = "<group>"; };
		002C98A62538007B00DA1AD9 /* MyBookListViewController.storyboard */ = {isa = PBXFileReference; lastKnownFileType = file.storyboard; path = MyBookListViewController.storyboard; sourceTree = "<group>"; };
		002C98A92538021A00DA1AD9 /* CurrentBorrowingTableViewCell.swift */ = {isa = PBXFileReference; lastKnownFileType = sourcecode.swift; path = CurrentBorrowingTableViewCell.swift; sourceTree = "<group>"; };
		002C98AA2538021A00DA1AD9 /* CurrentBorrowingTableViewCell.xib */ = {isa = PBXFileReference; lastKnownFileType = file.xib; path = CurrentBorrowingTableViewCell.xib; sourceTree = "<group>"; };
		002C98AF2538119A00DA1AD9 /* MyBookListViewController+UITableViewControl.swift */ = {isa = PBXFileReference; lastKnownFileType = sourcecode.swift; path = "MyBookListViewController+UITableViewControl.swift"; sourceTree = "<group>"; };
		002C98B22538130F00DA1AD9 /* PreviousBorrowingTableViewCell.swift */ = {isa = PBXFileReference; lastKnownFileType = sourcecode.swift; path = PreviousBorrowingTableViewCell.swift; sourceTree = "<group>"; };
		002C98B32538130F00DA1AD9 /* PreviousBorrowingTableViewCell.xib */ = {isa = PBXFileReference; lastKnownFileType = file.xib; path = PreviousBorrowingTableViewCell.xib; sourceTree = "<group>"; };
		002C98B72538357F00DA1AD9 /* MenuTabBarController.swift */ = {isa = PBXFileReference; lastKnownFileType = sourcecode.swift; path = MenuTabBarController.swift; sourceTree = "<group>"; };
		002C98D6255006AA00DA1AD9 /* HTTPMethod.swift */ = {isa = PBXFileReference; lastKnownFileType = sourcecode.swift; path = HTTPMethod.swift; sourceTree = "<group>"; };
		002C98DD2551249400DA1AD9 /* Token.swift */ = {isa = PBXFileReference; lastKnownFileType = sourcecode.swift; path = Token.swift; sourceTree = "<group>"; };
		002C98E42551282600DA1AD9 /* AuthManager.swift */ = {isa = PBXFileReference; lastKnownFileType = sourcecode.swift; path = AuthManager.swift; sourceTree = "<group>"; };
		002C98E72551488600DA1AD9 /* APIRequest.swift */ = {isa = PBXFileReference; lastKnownFileType = sourcecode.swift; path = APIRequest.swift; sourceTree = "<group>"; };
		002C98EB2551826300DA1AD9 /* TokenRequest.swift */ = {isa = PBXFileReference; lastKnownFileType = sourcecode.swift; path = TokenRequest.swift; sourceTree = "<group>"; };
		002C98F3255195CB00DA1AD9 /* ServerManager.swift */ = {isa = PBXFileReference; lastKnownFileType = sourcecode.swift; path = ServerManager.swift; sourceTree = "<group>"; };
/* End PBXFileReference section */

/* Begin PBXFrameworksBuildPhase section */
		002C98682534837400DA1AD9 /* Frameworks */ = {
			isa = PBXFrameworksBuildPhase;
			buildActionMask = 2147483647;
			files = (
			);
			runOnlyForDeploymentPostprocessing = 0;
		};
/* End PBXFrameworksBuildPhase section */

/* Begin PBXGroup section */
		002C98622534837400DA1AD9 = {
			isa = PBXGroup;
			children = (
				002C986D2534837400DA1AD9 /* Olib */,
				002C986C2534837400DA1AD9 /* Products */,
			);
			sourceTree = "<group>";
		};
		002C986C2534837400DA1AD9 /* Products */ = {
			isa = PBXGroup;
			children = (
				002C986B2534837400DA1AD9 /* Olib.app */,
			);
			name = Products;
			sourceTree = "<group>";
		};
		002C986D2534837400DA1AD9 /* Olib */ = {
			isa = PBXGroup;
			children = (
				002C98C4254FDB0200DA1AD9 /* Resources */,
				002C98C5254FDB1100DA1AD9 /* Source */,
				002C98C7254FDBA100DA1AD9 /* Storyboards */,
				002C98BE254FD53A00DA1AD9 /* Supporting Files */,
			);
			path = Olib;
			sourceTree = "<group>";
		};
		002C98BB254FD40D00DA1AD9 /* SignIn */ = {
			isa = PBXGroup;
			children = (
				002C988525359F3800DA1AD9 /* SignInViewController.swift */,
			);
			path = SignIn;
			sourceTree = "<group>";
		};
		002C98BD254FD50100DA1AD9 /* SignUp */ = {
			isa = PBXGroup;
			children = (
				002C98882535E35600DA1AD9 /* SignUpViewController.swift */,
			);
			path = SignUp;
			sourceTree = "<group>";
		};
		002C98BE254FD53A00DA1AD9 /* Supporting Files */ = {
			isa = PBXGroup;
			children = (
				002C987C2534837500DA1AD9 /* Info.plist */,
			);
			path = "Supporting Files";
			sourceTree = "<group>";
		};
		002C98C0254FD7CA00DA1AD9 /* MenuTab */ = {
			isa = PBXGroup;
			children = (
				002C98C2254FD8C500DA1AD9 /* MyBookList */,
				002C98C1254FD7E000DA1AD9 /* Search */,
				002C98B72538357F00DA1AD9 /* MenuTabBarController.swift */,
			);
			path = MenuTab;
			sourceTree = "<group>";
		};
		002C98C1254FD7E000DA1AD9 /* Search */ = {
			isa = PBXGroup;
			children = (
				002C98982536C4F400DA1AD9 /* SearchedBooksTableViewController.swift */,
				002C989E2536CA6D00DA1AD9 /* SearchedBookTableViewCell.swift */,
				002C98922536B2F300DA1AD9 /* BookSearchViewController.swift */,
			);
			path = Search;
			sourceTree = "<group>";
		};
		002C98C2254FD8C500DA1AD9 /* MyBookList */ = {
			isa = PBXGroup;
			children = (
				002C98B22538130F00DA1AD9 /* PreviousBorrowingTableViewCell.swift */,
				002C98A92538021A00DA1AD9 /* CurrentBorrowingTableViewCell.swift */,
				002C98AF2538119A00DA1AD9 /* MyBookListViewController+UITableViewControl.swift */,
				002C98A32537FFFD00DA1AD9 /* MyBookListViewController.swift */,
			);
			path = MyBookList;
			sourceTree = "<group>";
		};
		002C98C4254FDB0200DA1AD9 /* Resources */ = {
			isa = PBXGroup;
			children = (
				002C98772534837500DA1AD9 /* Assets.xcassets */,
			);
			path = Resources;
			sourceTree = "<group>";
		};
		002C98C5254FDB1100DA1AD9 /* Source */ = {
			isa = PBXGroup;
			children = (
				002C98C9254FDCA600DA1AD9 /* Application */,
				002C98CA254FDD6700DA1AD9 /* Core Additions */,
				002C98C8254FDC1C00DA1AD9 /* Models */,
				002C98C6254FDB1900DA1AD9 /* Modules */,
				002C98F2255191AD00DA1AD9 /* Manager */,
				002C98D3255004AE00DA1AD9 /* Networking */,
			);
			path = Source;
			sourceTree = "<group>";
		};
		002C98C6254FDB1900DA1AD9 /* Modules */ = {
			isa = PBXGroup;
			children = (
				002C98C0254FD7CA00DA1AD9 /* MenuTab */,
				002C98BB254FD40D00DA1AD9 /* SignIn */,
				002C98BD254FD50100DA1AD9 /* SignUp */,
			);
			path = Modules;
			sourceTree = "<group>";
		};
		002C98C7254FDBA100DA1AD9 /* Storyboards */ = {
			isa = PBXGroup;
			children = (
				002C98792534837500DA1AD9 /* LaunchScreen.storyboard */,
				002C98A62538007B00DA1AD9 /* MyBookListViewController.storyboard */,
				002C98742534837400DA1AD9 /* Main.storyboard */,
				002C988B2535E39000DA1AD9 /* SignUpViewController.storyboard */,
				002C98AA2538021A00DA1AD9 /* CurrentBorrowingTableViewCell.xib */,
				002C98B32538130F00DA1AD9 /* PreviousBorrowingTableViewCell.xib */,
				002C989F2536CA6D00DA1AD9 /* SearchedBookTableViewCell.xib */,
				002C989B2536C50F00DA1AD9 /* SearchedBooksTableViewController.storyboard */,
				002C98952536B30500DA1AD9 /* BookSearchViewController.storyboard */,
			);
			path = Storyboards;
			sourceTree = "<group>";
		};
		002C98C8254FDC1C00DA1AD9 /* Models */ = {
			isa = PBXGroup;
			children = (
			);
			path = Models;
			sourceTree = "<group>";
		};
		002C98C9254FDCA600DA1AD9 /* Application */ = {
			isa = PBXGroup;
			children = (
				002C986E2534837400DA1AD9 /* AppDelegate.swift */,
				002C98702534837400DA1AD9 /* SceneDelegate.swift */,
			);
			path = Application;
			sourceTree = "<group>";
		};
		002C98CA254FDD6700DA1AD9 /* Core Additions */ = {
			isa = PBXGroup;
			children = (
				002C98CB254FDD7C00DA1AD9 /* Utilities */,
			);
			path = "Core Additions";
			sourceTree = "<group>";
		};
		002C98CB254FDD7C00DA1AD9 /* Utilities */ = {
			isa = PBXGroup;
			children = (
				002C988F2535F0C300DA1AD9 /* String+ValidateUserInfo.swift */,
			);
			path = Utilities;
			sourceTree = "<group>";
		};
		002C98D3255004AE00DA1AD9 /* Networking */ = {
			isa = PBXGroup;
			children = (
				002C98EA2551821000DA1AD9 /* Requests */,
				002C98D6255006AA00DA1AD9 /* HTTPMethod.swift */,
				002C98DD2551249400DA1AD9 /* Token.swift */,
			);
			path = Networking;
			sourceTree = "<group>";
		};
		002C98EA2551821000DA1AD9 /* Requests */ = {
			isa = PBXGroup;
			children = (
				002C98E72551488600DA1AD9 /* APIRequest.swift */,
				002C98EB2551826300DA1AD9 /* TokenRequest.swift */,
			);
			path = Requests;
			sourceTree = "<group>";
		};
		002C98F2255191AD00DA1AD9 /* Manager */ = {
			isa = PBXGroup;
			children = (
				002C98E42551282600DA1AD9 /* AuthManager.swift */,
				002C98F3255195CB00DA1AD9 /* ServerManager.swift */,
			);
			path = Manager;
			sourceTree = "<group>";
		};
/* End PBXGroup section */

/* Begin PBXNativeTarget section */
		002C986A2534837400DA1AD9 /* Olib */ = {
			isa = PBXNativeTarget;
			buildConfigurationList = 002C987F2534837500DA1AD9 /* Build configuration list for PBXNativeTarget "Olib" */;
			buildPhases = (
				002C98672534837400DA1AD9 /* Sources */,
				002C98682534837400DA1AD9 /* Frameworks */,
				002C98692534837400DA1AD9 /* Resources */,
			);
			buildRules = (
			);
			dependencies = (
			);
			name = Olib;
			productName = Olib;
			productReference = 002C986B2534837400DA1AD9 /* Olib.app */;
			productType = "com.apple.product-type.application";
		};
/* End PBXNativeTarget section */

/* Begin PBXProject section */
		002C98632534837400DA1AD9 /* Project object */ = {
			isa = PBXProject;
			attributes = {
				LastSwiftUpdateCheck = 1200;
				LastUpgradeCheck = 1200;
				TargetAttributes = {
					002C986A2534837400DA1AD9 = {
						CreatedOnToolsVersion = 12.0.1;
					};
				};
			};
			buildConfigurationList = 002C98662534837400DA1AD9 /* Build configuration list for PBXProject "Olib" */;
			compatibilityVersion = "Xcode 9.3";
			developmentRegion = en;
			hasScannedForEncodings = 0;
			knownRegions = (
				en,
				Base,
			);
			mainGroup = 002C98622534837400DA1AD9;
			productRefGroup = 002C986C2534837400DA1AD9 /* Products */;
			projectDirPath = "";
			projectRoot = "";
			targets = (
				002C986A2534837400DA1AD9 /* Olib */,
			);
		};
/* End PBXProject section */

/* Begin PBXResourcesBuildPhase section */
		002C98692534837400DA1AD9 /* Resources */ = {
			isa = PBXResourcesBuildPhase;
			buildActionMask = 2147483647;
			files = (
				002C987B2534837500DA1AD9 /* LaunchScreen.storyboard in Resources */,
				002C98782534837500DA1AD9 /* Assets.xcassets in Resources */,
				002C989C2536C50F00DA1AD9 /* SearchedBooksTableViewController.storyboard in Resources */,
				002C98762534837400DA1AD9 /* Main.storyboard in Resources */,
				002C98A12536CA6D00DA1AD9 /* SearchedBookTableViewCell.xib in Resources */,
				002C988C2535E39000DA1AD9 /* SignUpViewController.storyboard in Resources */,
				002C98AC2538021A00DA1AD9 /* CurrentBorrowingTableViewCell.xib in Resources */,
				002C98A72538007B00DA1AD9 /* MyBookListViewController.storyboard in Resources */,
				002C98B52538130F00DA1AD9 /* PreviousBorrowingTableViewCell.xib in Resources */,
				002C98962536B30500DA1AD9 /* BookSearchViewController.storyboard in Resources */,
			);
			runOnlyForDeploymentPostprocessing = 0;
		};
/* End PBXResourcesBuildPhase section */

/* Begin PBXSourcesBuildPhase section */
		002C98672534837400DA1AD9 /* Sources */ = {
			isa = PBXSourcesBuildPhase;
			buildActionMask = 2147483647;
			files = (
				002C986F2534837400DA1AD9 /* AppDelegate.swift in Sources */,
				002C98932536B2F300DA1AD9 /* BookSearchViewController.swift in Sources */,
				002C98D7255006AA00DA1AD9 /* HTTPMethod.swift in Sources */,
				002C98B02538119A00DA1AD9 /* MyBookListViewController+UITableViewControl.swift in Sources */,
				002C98712534837400DA1AD9 /* SceneDelegate.swift in Sources */,
				002C98EC2551826300DA1AD9 /* TokenRequest.swift in Sources */,
				002C98B82538357F00DA1AD9 /* MenuTabBarController.swift in Sources */,
				002C98DE2551249400DA1AD9 /* Token.swift in Sources */,
				002C98892535E35600DA1AD9 /* SignUpViewController.swift in Sources */,
				002C98992536C4F400DA1AD9 /* SearchedBooksTableViewController.swift in Sources */,
				002C98E52551282600DA1AD9 /* AuthManager.swift in Sources */,
				002C988625359F3800DA1AD9 /* SignInViewController.swift in Sources */,
				002C98902535F0C300DA1AD9 /* String+ValidateUserInfo.swift in Sources */,
				002C98B42538130F00DA1AD9 /* PreviousBorrowingTableViewCell.swift in Sources */,
				002C98A42537FFFD00DA1AD9 /* MyBookListViewController.swift in Sources */,
				002C98F4255195CB00DA1AD9 /* ServerManager.swift in Sources */,
				002C98E82551488600DA1AD9 /* APIRequest.swift in Sources */,
				002C98A02536CA6D00DA1AD9 /* SearchedBookTableViewCell.swift in Sources */,
				002C98AB2538021A00DA1AD9 /* CurrentBorrowingTableViewCell.swift in Sources */,
			);
			runOnlyForDeploymentPostprocessing = 0;
		};
/* End PBXSourcesBuildPhase section */

/* Begin PBXVariantGroup section */
		002C98742534837400DA1AD9 /* Main.storyboard */ = {
			isa = PBXVariantGroup;
			children = (
				002C98752534837400DA1AD9 /* Base */,
			);
			name = Main.storyboard;
			sourceTree = "<group>";
		};
		002C98792534837500DA1AD9 /* LaunchScreen.storyboard */ = {
			isa = PBXVariantGroup;
			children = (
				002C987A2534837500DA1AD9 /* Base */,
			);
			name = LaunchScreen.storyboard;
			sourceTree = "<group>";
		};
/* End PBXVariantGroup section */

/* Begin XCBuildConfiguration section */
		002C987D2534837500DA1AD9 /* Debug */ = {
			isa = XCBuildConfiguration;
			buildSettings = {
				ALWAYS_SEARCH_USER_PATHS = NO;
				CLANG_ANALYZER_NONNULL = YES;
				CLANG_ANALYZER_NUMBER_OBJECT_CONVERSION = YES_AGGRESSIVE;
				CLANG_CXX_LANGUAGE_STANDARD = "gnu++14";
				CLANG_CXX_LIBRARY = "libc++";
				CLANG_ENABLE_MODULES = YES;
				CLANG_ENABLE_OBJC_ARC = YES;
				CLANG_ENABLE_OBJC_WEAK = YES;
				CLANG_WARN_BLOCK_CAPTURE_AUTORELEASING = YES;
				CLANG_WARN_BOOL_CONVERSION = YES;
				CLANG_WARN_COMMA = YES;
				CLANG_WARN_CONSTANT_CONVERSION = YES;
				CLANG_WARN_DEPRECATED_OBJC_IMPLEMENTATIONS = YES;
				CLANG_WARN_DIRECT_OBJC_ISA_USAGE = YES_ERROR;
				CLANG_WARN_DOCUMENTATION_COMMENTS = YES;
				CLANG_WARN_EMPTY_BODY = YES;
				CLANG_WARN_ENUM_CONVERSION = YES;
				CLANG_WARN_INFINITE_RECURSION = YES;
				CLANG_WARN_INT_CONVERSION = YES;
				CLANG_WARN_NON_LITERAL_NULL_CONVERSION = YES;
				CLANG_WARN_OBJC_IMPLICIT_RETAIN_SELF = YES;
				CLANG_WARN_OBJC_LITERAL_CONVERSION = YES;
				CLANG_WARN_OBJC_ROOT_CLASS = YES_ERROR;
				CLANG_WARN_QUOTED_INCLUDE_IN_FRAMEWORK_HEADER = YES;
				CLANG_WARN_RANGE_LOOP_ANALYSIS = YES;
				CLANG_WARN_STRICT_PROTOTYPES = YES;
				CLANG_WARN_SUSPICIOUS_MOVE = YES;
				CLANG_WARN_UNGUARDED_AVAILABILITY = YES_AGGRESSIVE;
				CLANG_WARN_UNREACHABLE_CODE = YES;
				CLANG_WARN__DUPLICATE_METHOD_MATCH = YES;
				COPY_PHASE_STRIP = NO;
				DEBUG_INFORMATION_FORMAT = dwarf;
				ENABLE_STRICT_OBJC_MSGSEND = YES;
				ENABLE_TESTABILITY = YES;
				GCC_C_LANGUAGE_STANDARD = gnu11;
				GCC_DYNAMIC_NO_PIC = NO;
				GCC_NO_COMMON_BLOCKS = YES;
				GCC_OPTIMIZATION_LEVEL = 0;
				GCC_PREPROCESSOR_DEFINITIONS = (
					"DEBUG=1",
					"$(inherited)",
				);
				GCC_WARN_64_TO_32_BIT_CONVERSION = YES;
				GCC_WARN_ABOUT_RETURN_TYPE = YES_ERROR;
				GCC_WARN_UNDECLARED_SELECTOR = YES;
				GCC_WARN_UNINITIALIZED_AUTOS = YES_AGGRESSIVE;
				GCC_WARN_UNUSED_FUNCTION = YES;
				GCC_WARN_UNUSED_VARIABLE = YES;
				IPHONEOS_DEPLOYMENT_TARGET = 14.0;
				MTL_ENABLE_DEBUG_INFO = INCLUDE_SOURCE;
				MTL_FAST_MATH = YES;
				ONLY_ACTIVE_ARCH = YES;
				SDKROOT = iphoneos;
				SWIFT_ACTIVE_COMPILATION_CONDITIONS = DEBUG;
				SWIFT_OPTIMIZATION_LEVEL = "-Onone";
			};
			name = Debug;
		};
		002C987E2534837500DA1AD9 /* Release */ = {
			isa = XCBuildConfiguration;
			buildSettings = {
				ALWAYS_SEARCH_USER_PATHS = NO;
				CLANG_ANALYZER_NONNULL = YES;
				CLANG_ANALYZER_NUMBER_OBJECT_CONVERSION = YES_AGGRESSIVE;
				CLANG_CXX_LANGUAGE_STANDARD = "gnu++14";
				CLANG_CXX_LIBRARY = "libc++";
				CLANG_ENABLE_MODULES = YES;
				CLANG_ENABLE_OBJC_ARC = YES;
				CLANG_ENABLE_OBJC_WEAK = YES;
				CLANG_WARN_BLOCK_CAPTURE_AUTORELEASING = YES;
				CLANG_WARN_BOOL_CONVERSION = YES;
				CLANG_WARN_COMMA = YES;
				CLANG_WARN_CONSTANT_CONVERSION = YES;
				CLANG_WARN_DEPRECATED_OBJC_IMPLEMENTATIONS = YES;
				CLANG_WARN_DIRECT_OBJC_ISA_USAGE = YES_ERROR;
				CLANG_WARN_DOCUMENTATION_COMMENTS = YES;
				CLANG_WARN_EMPTY_BODY = YES;
				CLANG_WARN_ENUM_CONVERSION = YES;
				CLANG_WARN_INFINITE_RECURSION = YES;
				CLANG_WARN_INT_CONVERSION = YES;
				CLANG_WARN_NON_LITERAL_NULL_CONVERSION = YES;
				CLANG_WARN_OBJC_IMPLICIT_RETAIN_SELF = YES;
				CLANG_WARN_OBJC_LITERAL_CONVERSION = YES;
				CLANG_WARN_OBJC_ROOT_CLASS = YES_ERROR;
				CLANG_WARN_QUOTED_INCLUDE_IN_FRAMEWORK_HEADER = YES;
				CLANG_WARN_RANGE_LOOP_ANALYSIS = YES;
				CLANG_WARN_STRICT_PROTOTYPES = YES;
				CLANG_WARN_SUSPICIOUS_MOVE = YES;
				CLANG_WARN_UNGUARDED_AVAILABILITY = YES_AGGRESSIVE;
				CLANG_WARN_UNREACHABLE_CODE = YES;
				CLANG_WARN__DUPLICATE_METHOD_MATCH = YES;
				COPY_PHASE_STRIP = NO;
				DEBUG_INFORMATION_FORMAT = "dwarf-with-dsym";
				ENABLE_NS_ASSERTIONS = NO;
				ENABLE_STRICT_OBJC_MSGSEND = YES;
				GCC_C_LANGUAGE_STANDARD = gnu11;
				GCC_NO_COMMON_BLOCKS = YES;
				GCC_WARN_64_TO_32_BIT_CONVERSION = YES;
				GCC_WARN_ABOUT_RETURN_TYPE = YES_ERROR;
				GCC_WARN_UNDECLARED_SELECTOR = YES;
				GCC_WARN_UNINITIALIZED_AUTOS = YES_AGGRESSIVE;
				GCC_WARN_UNUSED_FUNCTION = YES;
				GCC_WARN_UNUSED_VARIABLE = YES;
				IPHONEOS_DEPLOYMENT_TARGET = 14.0;
				MTL_ENABLE_DEBUG_INFO = NO;
				MTL_FAST_MATH = YES;
				SDKROOT = iphoneos;
				SWIFT_COMPILATION_MODE = wholemodule;
				SWIFT_OPTIMIZATION_LEVEL = "-O";
				VALIDATE_PRODUCT = YES;
			};
			name = Release;
		};
		002C98802534837500DA1AD9 /* Debug */ = {
			isa = XCBuildConfiguration;
			buildSettings = {
				ASSETCATALOG_COMPILER_APPICON_NAME = AppIcon;
				ASSETCATALOG_COMPILER_GLOBAL_ACCENT_COLOR_NAME = AccentColor;
				CODE_SIGN_STYLE = Automatic;
				INFOPLIST_FILE = "Olib/Supporting Files/Info.plist";
				LD_RUNPATH_SEARCH_PATHS = (
					"$(inherited)",
					"@executable_path/Frameworks",
				);
				PRODUCT_BUNDLE_IDENTIFIER = com.jaeyoungyun.Olib;
				PRODUCT_NAME = "$(TARGET_NAME)";
				SWIFT_VERSION = 5.0;
				TARGETED_DEVICE_FAMILY = 1;
			};
			name = Debug;
		};
		002C98812534837500DA1AD9 /* Release */ = {
			isa = XCBuildConfiguration;
			buildSettings = {
				ASSETCATALOG_COMPILER_APPICON_NAME = AppIcon;
				ASSETCATALOG_COMPILER_GLOBAL_ACCENT_COLOR_NAME = AccentColor;
				CODE_SIGN_STYLE = Automatic;
				INFOPLIST_FILE = "Olib/Supporting Files/Info.plist";
				LD_RUNPATH_SEARCH_PATHS = (
					"$(inherited)",
					"@executable_path/Frameworks",
				);
				PRODUCT_BUNDLE_IDENTIFIER = com.jaeyoungyun.Olib;
				PRODUCT_NAME = "$(TARGET_NAME)";
				SWIFT_VERSION = 5.0;
				TARGETED_DEVICE_FAMILY = 1;
			};
			name = Release;
		};
/* End XCBuildConfiguration section */

/* Begin XCConfigurationList section */
		002C98662534837400DA1AD9 /* Build configuration list for PBXProject "Olib" */ = {
			isa = XCConfigurationList;
			buildConfigurations = (
				002C987D2534837500DA1AD9 /* Debug */,
				002C987E2534837500DA1AD9 /* Release */,
			);
			defaultConfigurationIsVisible = 0;
			defaultConfigurationName = Release;
		};
		002C987F2534837500DA1AD9 /* Build configuration list for PBXNativeTarget "Olib" */ = {
			isa = XCConfigurationList;
			buildConfigurations = (
				002C98802534837500DA1AD9 /* Debug */,
				002C98812534837500DA1AD9 /* Release */,
			);
			defaultConfigurationIsVisible = 0;
			defaultConfigurationName = Release;
		};
/* End XCConfigurationList section */
	};
	rootObject = 002C98632534837400DA1AD9 /* Project object */;
}
